// !$*UTF8*$!
{
	archiveVersion = 1;
	classes = {
	};
	objectVersion = 56;
	objects = {

/* Begin PBXBuildFile section */
		5D747B4B2C2F4B45003CD99F /* WebAuthnSwiftApp.swift in Sources */ = {isa = PBXBuildFile; fileRef = 5D747B4A2C2F4B45003CD99F /* WebAuthnSwiftApp.swift */; };
		5D747B4D2C2F4B45003CD99F /* ContentView.swift in Sources */ = {isa = PBXBuildFile; fileRef = 5D747B4C2C2F4B45003CD99F /* ContentView.swift */; };
		5D747B4F2C2F4B46003CD99F /* Assets.xcassets in Resources */ = {isa = PBXBuildFile; fileRef = 5D747B4E2C2F4B46003CD99F /* Assets.xcassets */; };
		5D747B522C2F4B46003CD99F /* Preview Assets.xcassets in Resources */ = {isa = PBXBuildFile; fileRef = 5D747B512C2F4B46003CD99F /* Preview Assets.xcassets */; };
		5DB374DE2C41C1AB00EABCB0 /* WebAuthnViewModel.swift in Sources */ = {isa = PBXBuildFile; fileRef = 5DB374DD2C41C1AB00EABCB0 /* WebAuthnViewModel.swift */; };
		5DB374E02C41C6E700EABCB0 /* ConfigurationView.swift in Sources */ = {isa = PBXBuildFile; fileRef = 5DB374DF2C41C6E700EABCB0 /* ConfigurationView.swift */; };
		5DE225EC2D5D2C60005A9D4E /* ZSM.xcframework in Frameworks */ = {isa = PBXBuildFile; fileRef = 5DE225EB2D5D2C60005A9D4E /* ZSM.xcframework */; };
		5DE225ED2D5D2C60005A9D4E /* ZSM.xcframework in Embed Frameworks */ = {isa = PBXBuildFile; fileRef = 5DE225EB2D5D2C60005A9D4E /* ZSM.xcframework */; settings = {ATTRIBUTES = (CodeSignOnCopy, RemoveHeadersOnCopy, ); }; };
/* End PBXBuildFile section */

/* Begin PBXCopyFilesBuildPhase section */
		5DE225EE2D5D2C60005A9D4E /* Embed Frameworks */ = {
			isa = PBXCopyFilesBuildPhase;
			buildActionMask = 2147483647;
			dstPath = "";
			dstSubfolderSpec = 10;
			files = (
				5DE225ED2D5D2C60005A9D4E /* ZSM.xcframework in Embed Frameworks */,
			);
			name = "Embed Frameworks";
			runOnlyForDeploymentPostprocessing = 0;
		};
/* End PBXCopyFilesBuildPhase section */

/* Begin PBXFileReference section */
		5D747B472C2F4B45003CD99F /* WebAuthnSwift.app */ = {isa = PBXFileReference; explicitFileType = wrapper.application; includeInIndex = 0; path = WebAuthnSwift.app; sourceTree = BUILT_PRODUCTS_DIR; };
		5D747B4A2C2F4B45003CD99F /* WebAuthnSwiftApp.swift */ = {isa = PBXFileReference; lastKnownFileType = sourcecode.swift; path = WebAuthnSwiftApp.swift; sourceTree = "<group>"; };
		5D747B4C2C2F4B45003CD99F /* ContentView.swift */ = {isa = PBXFileReference; lastKnownFileType = sourcecode.swift; path = ContentView.swift; sourceTree = "<group>"; };
		5D747B4E2C2F4B46003CD99F /* Assets.xcassets */ = {isa = PBXFileReference; lastKnownFileType = folder.assetcatalog; path = Assets.xcassets; sourceTree = "<group>"; };
		5D747B512C2F4B46003CD99F /* Preview Assets.xcassets */ = {isa = PBXFileReference; lastKnownFileType = folder.assetcatalog; path = "Preview Assets.xcassets"; sourceTree = "<group>"; };
		5D747B592C2F4BA0003CD99F /* ZSM.framework */ = {isa = PBXFileReference; explicitFileType = wrapper.framework; path = ZSM.framework; sourceTree = BUILT_PRODUCTS_DIR; };
		5DB374DC2C41B4C500EABCB0 /* Info.plist */ = {isa = PBXFileReference; lastKnownFileType = text.plist; path = Info.plist; sourceTree = "<group>"; };
		5DB374DD2C41C1AB00EABCB0 /* WebAuthnViewModel.swift */ = {isa = PBXFileReference; lastKnownFileType = sourcecode.swift; path = WebAuthnViewModel.swift; sourceTree = "<group>"; };
		5DB374DF2C41C6E700EABCB0 /* ConfigurationView.swift */ = {isa = PBXFileReference; lastKnownFileType = sourcecode.swift; path = ConfigurationView.swift; sourceTree = "<group>"; };
		5DE225E72D5CFD5B005A9D4E /* ZSM.framework */ = {isa = PBXFileReference; lastKnownFileType = wrapper.framework; name = ZSM.framework; path = Frameworks/ZSM.framework; sourceTree = "<group>"; };
		5DE225EB2D5D2C60005A9D4E /* ZSM.xcframework */ = {isa = PBXFileReference; lastKnownFileType = wrapper.xcframework; name = ZSM.xcframework; path = Frameworks/ZSM.xcframework; sourceTree = "<group>"; };
/* End PBXFileReference section */

/* Begin PBXFrameworksBuildPhase section */
		5D747B442C2F4B45003CD99F /* Frameworks */ = {
			isa = PBXFrameworksBuildPhase;
			buildActionMask = 2147483647;
			files = (
				5DE225EC2D5D2C60005A9D4E /* ZSM.xcframework in Frameworks */,
			);
			runOnlyForDeploymentPostprocessing = 0;
		};
/* End PBXFrameworksBuildPhase section */

/* Begin PBXGroup section */
		5D747B3E2C2F4B45003CD99F = {
			isa = PBXGroup;
			children = (
				5D747B492C2F4B45003CD99F /* WebAuthnSwift */,
				5D747B482C2F4B45003CD99F /* Products */,
				5D747B582C2F4BA0003CD99F /* Frameworks */,
			);
			sourceTree = "<group>";
		};
		5D747B482C2F4B45003CD99F /* Products */ = {
			isa = PBXGroup;
			children = (
				5D747B472C2F4B45003CD99F /* WebAuthnSwift.app */,
			);
			name = Products;
			sourceTree = "<group>";
		};
		5D747B492C2F4B45003CD99F /* WebAuthnSwift */ = {
			isa = PBXGroup;
			children = (
				5DB374DC2C41B4C500EABCB0 /* Info.plist */,
				5D747B4A2C2F4B45003CD99F /* WebAuthnSwiftApp.swift */,
				5D747B4C2C2F4B45003CD99F /* ContentView.swift */,
				5D747B4E2C2F4B46003CD99F /* Assets.xcassets */,
				5D747B502C2F4B46003CD99F /* Preview Content */,
				5DB374DD2C41C1AB00EABCB0 /* WebAuthnViewModel.swift */,
				5DB374DF2C41C6E700EABCB0 /* ConfigurationView.swift */,
			);
			path = WebAuthnSwift;
			sourceTree = "<group>";
		};
		5D747B502C2F4B46003CD99F /* Preview Content */ = {
			isa = PBXGroup;
			children = (
				5D747B512C2F4B46003CD99F /* Preview Assets.xcassets */,
			);
			path = "Preview Content";
			sourceTree = "<group>";
		};
		5D747B582C2F4BA0003CD99F /* Frameworks */ = {
			isa = PBXGroup;
			children = (
				5DE225EB2D5D2C60005A9D4E /* ZSM.xcframework */,
				5DE225E72D5CFD5B005A9D4E /* ZSM.framework */,
				5D747B592C2F4BA0003CD99F /* ZSM.framework */,
			);
			name = Frameworks;
			sourceTree = "<group>";
		};
/* End PBXGroup section */

/* Begin PBXNativeTarget section */
		5D747B462C2F4B45003CD99F /* WebAuthnSwift */ = {
			isa = PBXNativeTarget;
			buildConfigurationList = 5D747B552C2F4B46003CD99F /* Build configuration list for PBXNativeTarget "WebAuthnSwift" */;
			buildPhases = (
				5D747B432C2F4B45003CD99F /* Sources */,
				5D747B442C2F4B45003CD99F /* Frameworks */,
				5D747B452C2F4B45003CD99F /* Resources */,
				5DE225EE2D5D2C60005A9D4E /* Embed Frameworks */,
			);
			buildRules = (
			);
			dependencies = (
			);
			name = WebAuthnSwift;
			productName = WebAuthnSwift;
			productReference = 5D747B472C2F4B45003CD99F /* WebAuthnSwift.app */;
			productType = "com.apple.product-type.application";
		};
/* End PBXNativeTarget section */

/* Begin PBXProject section */
		5D747B3F2C2F4B45003CD99F /* Project object */ = {
			isa = PBXProject;
			attributes = {
				BuildIndependentTargetsInParallel = 1;
				LastSwiftUpdateCheck = 1540;
				LastUpgradeCheck = 1540;
				TargetAttributes = {
					5D747B462C2F4B45003CD99F = {
						CreatedOnToolsVersion = 15.4;
					};
				};
			};
			buildConfigurationList = 5D747B422C2F4B45003CD99F /* Build configuration list for PBXProject "WebAuthnSwift" */;
			compatibilityVersion = "Xcode 14.0";
			developmentRegion = en;
			hasScannedForEncodings = 0;
			knownRegions = (
				en,
				Base,
			);
			mainGroup = 5D747B3E2C2F4B45003CD99F;
			productRefGroup = 5D747B482C2F4B45003CD99F /* Products */;
			projectDirPath = "";
			projectRoot = "";
			targets = (
				5D747B462C2F4B45003CD99F /* WebAuthnSwift */,
			);
		};
/* End PBXProject section */

/* Begin PBXResourcesBuildPhase section */
		5D747B452C2F4B45003CD99F /* Resources */ = {
			isa = PBXResourcesBuildPhase;
			buildActionMask = 2147483647;
			files = (
				5D747B522C2F4B46003CD99F /* Preview Assets.xcassets in Resources */,
				5D747B4F2C2F4B46003CD99F /* Assets.xcassets in Resources */,
			);
			runOnlyForDeploymentPostprocessing = 0;
		};
/* End PBXResourcesBuildPhase section */

/* Begin PBXSourcesBuildPhase section */
		5D747B432C2F4B45003CD99F /* Sources */ = {
			isa = PBXSourcesBuildPhase;
			buildActionMask = 2147483647;
			files = (
				5D747B4D2C2F4B45003CD99F /* ContentView.swift in Sources */,
				5DB374DE2C41C1AB00EABCB0 /* WebAuthnViewModel.swift in Sources */,
				5D747B4B2C2F4B45003CD99F /* WebAuthnSwiftApp.swift in Sources */,
				5DB374E02C41C6E700EABCB0 /* ConfigurationView.swift in Sources */,
			);
			runOnlyForDeploymentPostprocessing = 0;
		};
/* End PBXSourcesBuildPhase section */

/* Begin XCBuildConfiguration section */
		5D747B532C2F4B46003CD99F /* Debug */ = {
			isa = XCBuildConfiguration;
			buildSettings = {
				ALWAYS_SEARCH_USER_PATHS = NO;
				ASSETCATALOG_COMPILER_GENERATE_SWIFT_ASSET_SYMBOL_EXTENSIONS = YES;
				CLANG_ANALYZER_NONNULL = YES;
				CLANG_ANALYZER_NUMBER_OBJECT_CONVERSION = YES_AGGRESSIVE;
				CLANG_CXX_LANGUAGE_STANDARD = "gnu++20";
				CLANG_ENABLE_MODULES = YES;
				CLANG_ENABLE_OBJC_ARC = YES;
				CLANG_ENABLE_OBJC_WEAK = YES;
				CLANG_WARN_BLOCK_CAPTURE_AUTORELEASING = YES;
				CLANG_WARN_BOOL_CONVERSION = YES;
				CLANG_WARN_COMMA = YES;
				CLANG_WARN_CONSTANT_CONVERSION = YES;
				CLANG_WARN_DEPRECATED_OBJC_IMPLEMENTATIONS = YES;
				CLANG_WARN_DIRECT_OBJC_ISA_USAGE = YES_ERROR;
				CLANG_WARN_DOCUMENTATION_COMMENTS = YES;
				CLANG_WARN_EMPTY_BODY = YES;
				CLANG_WARN_ENUM_CONVERSION = YES;
				CLANG_WARN_INFINITE_RECURSION = YES;
				CLANG_WARN_INT_CONVERSION = YES;
				CLANG_WARN_NON_LITERAL_NULL_CONVERSION = YES;
				CLANG_WARN_OBJC_IMPLICIT_RETAIN_SELF = YES;
				CLANG_WARN_OBJC_LITERAL_CONVERSION = YES;
				CLANG_WARN_OBJC_ROOT_CLASS = YES_ERROR;
				CLANG_WARN_QUOTED_INCLUDE_IN_FRAMEWORK_HEADER = YES;
				CLANG_WARN_RANGE_LOOP_ANALYSIS = YES;
				CLANG_WARN_STRICT_PROTOTYPES = YES;
				CLANG_WARN_SUSPICIOUS_MOVE = YES;
				CLANG_WARN_UNGUARDED_AVAILABILITY = YES_AGGRESSIVE;
				CLANG_WARN_UNREACHABLE_CODE = YES;
				CLANG_WARN__DUPLICATE_METHOD_MATCH = YES;
				COPY_PHASE_STRIP = NO;
				DEBUG_INFORMATION_FORMAT = dwarf;
				ENABLE_STRICT_OBJC_MSGSEND = YES;
				ENABLE_TESTABILITY = YES;
				ENABLE_USER_SCRIPT_SANDBOXING = YES;
				GCC_C_LANGUAGE_STANDARD = gnu17;
				GCC_DYNAMIC_NO_PIC = NO;
				GCC_NO_COMMON_BLOCKS = YES;
				GCC_OPTIMIZATION_LEVEL = 0;
				GCC_PREPROCESSOR_DEFINITIONS = (
					"DEBUG=1",
					"$(inherited)",
				);
				GCC_WARN_64_TO_32_BIT_CONVERSION = YES;
				GCC_WARN_ABOUT_RETURN_TYPE = YES_ERROR;
				GCC_WARN_UNDECLARED_SELECTOR = YES;
				GCC_WARN_UNINITIALIZED_AUTOS = YES_AGGRESSIVE;
				GCC_WARN_UNUSED_FUNCTION = YES;
				GCC_WARN_UNUSED_VARIABLE = YES;
				IPHONEOS_DEPLOYMENT_TARGET = 14.0;
				LOCALIZATION_PREFERS_STRING_CATALOGS = YES;
				MTL_ENABLE_DEBUG_INFO = INCLUDE_SOURCE;
				MTL_FAST_MATH = YES;
				ONLY_ACTIVE_ARCH = YES;
				SDKROOT = iphoneos;
				SWIFT_ACTIVE_COMPILATION_CONDITIONS = "DEBUG $(inherited)";
				SWIFT_OPTIMIZATION_LEVEL = "-Onone";
			};
			name = Debug;
		};
		5D747B542C2F4B46003CD99F /* Release */ = {
			isa = XCBuildConfiguration;
			buildSettings = {
				ALWAYS_SEARCH_USER_PATHS = NO;
				ASSETCATALOG_COMPILER_GENERATE_SWIFT_ASSET_SYMBOL_EXTENSIONS = YES;
				CLANG_ANALYZER_NONNULL = YES;
				CLANG_ANALYZER_NUMBER_OBJECT_CONVERSION = YES_AGGRESSIVE;
				CLANG_CXX_LANGUAGE_STANDARD = "gnu++20";
				CLANG_ENABLE_MODULES = YES;
				CLANG_ENABLE_OBJC_ARC = YES;
				CLANG_ENABLE_OBJC_WEAK = YES;
				CLANG_WARN_BLOCK_CAPTURE_AUTORELEASING = YES;
				CLANG_WARN_BOOL_CONVERSION = YES;
				CLANG_WARN_COMMA = YES;
				CLANG_WARN_CONSTANT_CONVERSION = YES;
				CLANG_WARN_DEPRECATED_OBJC_IMPLEMENTATIONS = YES;
				CLANG_WARN_DIRECT_OBJC_ISA_USAGE = YES_ERROR;
				CLANG_WARN_DOCUMENTATION_COMMENTS = YES;
				CLANG_WARN_EMPTY_BODY = YES;
				CLANG_WARN_ENUM_CONVERSION = YES;
				CLANG_WARN_INFINITE_RECURSION = YES;
				CLANG_WARN_INT_CONVERSION = YES;
				CLANG_WARN_NON_LITERAL_NULL_CONVERSION = YES;
				CLANG_WARN_OBJC_IMPLICIT_RETAIN_SELF = YES;
				CLANG_WARN_OBJC_LITERAL_CONVERSION = YES;
				CLANG_WARN_OBJC_ROOT_CLASS = YES_ERROR;
				CLANG_WARN_QUOTED_INCLUDE_IN_FRAMEWORK_HEADER = YES;
				CLANG_WARN_RANGE_LOOP_ANALYSIS = YES;
				CLANG_WARN_STRICT_PROTOTYPES = YES;
				CLANG_WARN_SUSPICIOUS_MOVE = YES;
				CLANG_WARN_UNGUARDED_AVAILABILITY = YES_AGGRESSIVE;
				CLANG_WARN_UNREACHABLE_CODE = YES;
				CLANG_WARN__DUPLICATE_METHOD_MATCH = YES;
				COPY_PHASE_STRIP = NO;
				DEBUG_INFORMATION_FORMAT = "dwarf-with-dsym";
				ENABLE_NS_ASSERTIONS = NO;
				ENABLE_STRICT_OBJC_MSGSEND = YES;
				ENABLE_USER_SCRIPT_SANDBOXING = YES;
				GCC_C_LANGUAGE_STANDARD = gnu17;
				GCC_NO_COMMON_BLOCKS = YES;
				GCC_WARN_64_TO_32_BIT_CONVERSION = YES;
				GCC_WARN_ABOUT_RETURN_TYPE = YES_ERROR;
				GCC_WARN_UNDECLARED_SELECTOR = YES;
				GCC_WARN_UNINITIALIZED_AUTOS = YES_AGGRESSIVE;
				GCC_WARN_UNUSED_FUNCTION = YES;
				GCC_WARN_UNUSED_VARIABLE = YES;
				IPHONEOS_DEPLOYMENT_TARGET = 14.0;
				LOCALIZATION_PREFERS_STRING_CATALOGS = YES;
				MTL_ENABLE_DEBUG_INFO = NO;
				MTL_FAST_MATH = YES;
				SDKROOT = iphoneos;
				SWIFT_COMPILATION_MODE = wholemodule;
				VALIDATE_PRODUCT = YES;
			};
			name = Release;
		};
		5D747B562C2F4B46003CD99F /* Debug */ = {
			isa = XCBuildConfiguration;
			buildSettings = {
				ASSETCATALOG_COMPILER_APPICON_NAME = AppIcon;
				ASSETCATALOG_COMPILER_GLOBAL_ACCENT_COLOR_NAME = AccentColor;
				CODE_SIGN_STYLE = Automatic;
				CURRENT_PROJECT_VERSION = 1;
				DEVELOPMENT_ASSET_PATHS = "\"WebAuthnSwift/Preview Content\"";
				DEVELOPMENT_TEAM = Q88QZH4WVC;
				ENABLE_PREVIEWS = YES;
				FRAMEWORK_SEARCH_PATHS = (
					"$(inherited)",
					"$(PROJECT_DIR)/Frameworks",
				);
				GENERATE_INFOPLIST_FILE = YES;
				INFOPLIST_FILE = WebAuthnSwift/Info.plist;
				INFOPLIST_KEY_CFBundleDisplayName = "";
				INFOPLIST_KEY_LSApplicationCategoryType = "";
				INFOPLIST_KEY_UIApplicationSceneManifest_Generation = YES;
				INFOPLIST_KEY_UIApplicationSupportsIndirectInputEvents = YES;
				INFOPLIST_KEY_UILaunchScreen_Generation = YES;
				INFOPLIST_KEY_UISupportedInterfaceOrientations_iPad = "UIInterfaceOrientationPortrait UIInterfaceOrientationPortraitUpsideDown UIInterfaceOrientationLandscapeLeft UIInterfaceOrientationLandscapeRight";
				INFOPLIST_KEY_UISupportedInterfaceOrientations_iPhone = "UIInterfaceOrientationPortrait UIInterfaceOrientationLandscapeLeft UIInterfaceOrientationLandscapeRight";
				IPHONEOS_DEPLOYMENT_TARGET = 14.0;
				LD_RUNPATH_SEARCH_PATHS = (
					"$(inherited)",
					"@executable_path/Frameworks",
				);
				MARKETING_VERSION = 1.0;
				PRODUCT_BUNDLE_IDENTIFIER = com.useideem.WebAuthnSwift;
				PRODUCT_NAME = "$(TARGET_NAME)";
				SWIFT_EMIT_LOC_STRINGS = YES;
				SWIFT_VERSION = 5.0;
				TARGETED_DEVICE_FAMILY = "1,2";
			};
			name = Debug;
		};
		5D747B572C2F4B46003CD99F /* Release */ = {
			isa = XCBuildConfiguration;
			buildSettings = {
				ASSETCATALOG_COMPILER_APPICON_NAME = AppIcon;
				ASSETCATALOG_COMPILER_GLOBAL_ACCENT_COLOR_NAME = AccentColor;
				CODE_SIGN_STYLE = Automatic;
				CURRENT_PROJECT_VERSION = 1;
				DEVELOPMENT_ASSET_PATHS = "\"WebAuthnSwift/Preview Content\"";
				DEVELOPMENT_TEAM = Q88QZH4WVC;
				ENABLE_PREVIEWS = YES;
				FRAMEWORK_SEARCH_PATHS = (
					"$(inherited)",
					"$(PROJECT_DIR)/Frameworks",
				);
				GENERATE_INFOPLIST_FILE = YES;
				INFOPLIST_FILE = WebAuthnSwift/Info.plist;
				INFOPLIST_KEY_CFBundleDisplayName = "";
				INFOPLIST_KEY_LSApplicationCategoryType = "";
				INFOPLIST_KEY_UIApplicationSceneManifest_Generation = YES;
				INFOPLIST_KEY_UIApplicationSupportsIndirectInputEvents = YES;
				INFOPLIST_KEY_UILaunchScreen_Generation = YES;
				INFOPLIST_KEY_UISupportedInterfaceOrientations_iPad = "UIInterfaceOrientationPortrait UIInterfaceOrientationPortraitUpsideDown UIInterfaceOrientationLandscapeLeft UIInterfaceOrientationLandscapeRight";
				INFOPLIST_KEY_UISupportedInterfaceOrientations_iPhone = "UIInterfaceOrientationPortrait UIInterfaceOrientationLandscapeLeft UIInterfaceOrientationLandscapeRight";
				IPHONEOS_DEPLOYMENT_TARGET = 14.0;
				LD_RUNPATH_SEARCH_PATHS = (
					"$(inherited)",
					"@executable_path/Frameworks",
				);
				MARKETING_VERSION = 1.0;
				PRODUCT_BUNDLE_IDENTIFIER = com.useideem.WebAuthnSwift;
				PRODUCT_NAME = "$(TARGET_NAME)";
				SWIFT_EMIT_LOC_STRINGS = YES;
				SWIFT_VERSION = 5.0;
				TARGETED_DEVICE_FAMILY = "1,2";
			};
			name = Release;
		};
/* End XCBuildConfiguration section */

/* Begin XCConfigurationList section */
		5D747B422C2F4B45003CD99F /* Build configuration list for PBXProject "WebAuthnSwift" */ = {
			isa = XCConfigurationList;
			buildConfigurations = (
				5D747B532C2F4B46003CD99F /* Debug */,
				5D747B542C2F4B46003CD99F /* Release */,
			);
			defaultConfigurationIsVisible = 0;
			defaultConfigurationName = Release;
		};
		5D747B552C2F4B46003CD99F /* Build configuration list for PBXNativeTarget "WebAuthnSwift" */ = {
			isa = XCConfigurationList;
			buildConfigurations = (
				5D747B562C2F4B46003CD99F /* Debug */,
				5D747B572C2F4B46003CD99F /* Release */,
			);
			defaultConfigurationIsVisible = 0;
			defaultConfigurationName = Release;
		};
/* End XCConfigurationList section */
	};
	rootObject = 5D747B3F2C2F4B45003CD99F /* Project object */;
}
